
Microsoft Visual Studio Solution File, Format Version 12.00
# Visual Studio Version 16
VisualStudioVersion = 16.0.31205.134
MinimumVisualStudioVersion = 10.0.40219.1
Project("{FAE04EC0-301F-11D3-BF4B-00C04F79EFBC}") = "Class_Members", "Class_Members\Class_Members.csproj", "{4EBC9721-3BD7-41DD-A556-B67F3E9F039E}"
EndProject
Global
	GlobalSection(SolutionConfigurationPlatforms) = preSolution
		Debug|Any CPU = Debug|Any CPU
		Release|Any CPU = Release|Any CPU
	EndGlobalSection
	GlobalSection(ProjectConfigurationPlatforms) = postSolution
		{4EBC9721-3BD7-41DD-A556-B67F3E9F039E}.Debug|Any CPU.ActiveCfg = Debug|Any CPU
		{4EBC9721-3BD7-41DD-A556-B67F3E9F039E}.Debug|Any CPU.Build.0 = Debug|Any CPU
		{4EBC9721-3BD7-41DD-A556-B67F3E9F039E}.Release|Any CPU.ActiveCfg = Release|Any CPU
		{4EBC9721-3BD7-41DD-A556-B67F3E9F039E}.Release|Any CPU.Build.0 = Release|Any CPU
	EndGlobalSection
	GlobalSection(SolutionProperties) = preSolution
		HideSolutionNode = FALSE
	EndGlobalSection
	GlobalSection(ExtensibilityGlobals) = postSolution
		SolutionGuid = {8BEF990A-EEBD-422E-869D-B46D28B121ED}
	EndGlobalSection
EndGlobal
