
Microsoft Visual Studio Solution File, Format Version 12.00
# Visual Studio Version 16
VisualStudioVersion = 16.0.31205.134
MinimumVisualStudioVersion = 10.0.40219.1
Project("{FAE04EC0-301F-11D3-BF4B-00C04F79EFBC}") = "IronNinja", "IronNinja\IronNinja.csproj", "{7AE373EE-6512-4E53-9DBE-78B778CE05EA}"
EndProject
Global
	GlobalSection(SolutionConfigurationPlatforms) = preSolution
		Debug|Any CPU = Debug|Any CPU
		Release|Any CPU = Release|Any CPU
	EndGlobalSection
	GlobalSection(ProjectConfigurationPlatforms) = postSolution
		{7AE373EE-6512-4E53-9DBE-78B778CE05EA}.Debug|Any CPU.ActiveCfg = Debug|Any CPU
		{7AE373EE-6512-4E53-9DBE-78B778CE05EA}.Debug|Any CPU.Build.0 = Debug|Any CPU
		{7AE373EE-6512-4E53-9DBE-78B778CE05EA}.Release|Any CPU.ActiveCfg = Release|Any CPU
		{7AE373EE-6512-4E53-9DBE-78B778CE05EA}.Release|Any CPU.Build.0 = Release|Any CPU
	EndGlobalSection
	GlobalSection(SolutionProperties) = preSolution
		HideSolutionNode = FALSE
	EndGlobalSection
	GlobalSection(ExtensibilityGlobals) = postSolution
		SolutionGuid = {99AC5640-C153-466A-996A-086CDD883DE1}
	EndGlobalSection
EndGlobal
